dependencies:
- name: science-toolkit
  repository: https://konstellation-io.github.io/science-toolkit/helm-chart/
  version: 1.0.249
- name: minio
  repository: https://helm.min.io/
  version: 8.0.10
digest: sha256:5a1f5fa04b4420242b23cabecf9d8caec419445324567cffe7f038c4b866ddf0
generated: "2021-10-05T12:21:09.049546261+02:00"
