dependencies:
- name: science-toolkit
  repository: https://konstellation-io.github.io/science-toolkit/helm-chart/
  version: 1.0.247
- name: minio
  repository: https://helm.min.io/
  version: 8.0.10
digest: sha256:b677a92d294ebf0270bd64be1d984c5ee7599ea8d1828fb0ffd48dffea3cbee4
generated: "2021-10-04T14:33:57.33558394+02:00"
