dependencies:
- name: science-toolkit
  repository: https://konstellation-io.github.io/science-toolkit/helm-chart/
  version: 1.0.248
- name: minio
  repository: https://helm.min.io/
  version: 8.0.10
digest: sha256:fe2bf4ff7eb82121656ab81b722abe27d9196d88ae45cad98906dfee375f56a3
generated: "2021-10-05T10:18:26.721662815+02:00"
