version: 0.167.1
dependencies:
- name: community-operator
  repository: https://mongodb.github.io/helm-charts
  version: 0.11.0
- name: raw
  repository: https://bedag.github.io/helm-charts/
  version: 2.0.0
digest: sha256:6b25389b287aa25bb3722880fcccea3e4b8ec04f6735f9501be701ead620eefb
generated: "2024-10-14T13:23:51.957635673+02:00"
