version: v0.168.0
dependencies:
- name: community-operator
  repository: https://mongodb.github.io/helm-charts
  version: 0.11.0
- name: kdl-server
  repository: https://charts.konstellation.io/
  version: 6.0.1
- name: raw
  repository: https://bedag.github.io/helm-charts/
  version: 2.0.0
digest: sha256:6689c21cb3e38b1a1cff067112e363daa63beb94e5a5cf0c256786727dc2dc8f
generated: "2024-10-23T11:54:44.539719+02:00"
